// !$*UTF8*$!
{
	archiveVersion = 1;
	classes = {
	};
	objectVersion = 55;
	objects = {

/* Begin PBXBuildFile section */
		6690FB7F286DD23800434513 /* kav_Swipe_MenuApp.swift in Sources */ = {isa = PBXBuildFile; fileRef = 6690FB7E286DD23800434513 /* kav_Swipe_MenuApp.swift */; };
		6690FB81286DD23800434513 /* ContentView.swift in Sources */ = {isa = PBXBuildFile; fileRef = 6690FB80286DD23800434513 /* ContentView.swift */; };
		6690FB83286DD23900434513 /* Assets.xcassets in Resources */ = {isa = PBXBuildFile; fileRef = 6690FB82286DD23900434513 /* Assets.xcassets */; };
		6690FB86286DD23900434513 /* Preview Assets.xcassets in Resources */ = {isa = PBXBuildFile; fileRef = 6690FB85286DD23900434513 /* Preview Assets.xcassets */; };
		6690FB90286DD23900434513 /* kav_Swipe_MenuTests.swift in Sources */ = {isa = PBXBuildFile; fileRef = 6690FB8F286DD23900434513 /* kav_Swipe_MenuTests.swift */; };
		6690FB9A286DD23900434513 /* kav_Swipe_MenuUITests.swift in Sources */ = {isa = PBXBuildFile; fileRef = 6690FB99286DD23900434513 /* kav_Swipe_MenuUITests.swift */; };
		6690FB9C286DD23900434513 /* kav_Swipe_MenuUITestsLaunchTests.swift in Sources */ = {isa = PBXBuildFile; fileRef = 6690FB9B286DD23900434513 /* kav_Swipe_MenuUITestsLaunchTests.swift */; };
/* End PBXBuildFile section */

/* Begin PBXContainerItemProxy section */
		6690FB8C286DD23900434513 /* PBXContainerItemProxy */ = {
			isa = PBXContainerItemProxy;
			containerPortal = 6690FB73286DD23800434513 /* Project object */;
			proxyType = 1;
			remoteGlobalIDString = 6690FB7A286DD23800434513;
			remoteInfo = "kav-Swipe Menu";
		};
		6690FB96286DD23900434513 /* PBXContainerItemProxy */ = {
			isa = PBXContainerItemProxy;
			containerPortal = 6690FB73286DD23800434513 /* Project object */;
			proxyType = 1;
			remoteGlobalIDString = 6690FB7A286DD23800434513;
			remoteInfo = "kav-Swipe Menu";
		};
/* End PBXContainerItemProxy section */

/* Begin PBXFileReference section */
		6690FB7B286DD23800434513 /* kav-Swipe Menu.app */ = {isa = PBXFileReference; explicitFileType = wrapper.application; includeInIndex = 0; path = "kav-Swipe Menu.app"; sourceTree = BUILT_PRODUCTS_DIR; };
		6690FB7E286DD23800434513 /* kav_Swipe_MenuApp.swift */ = {isa = PBXFileReference; lastKnownFileType = sourcecode.swift; path = kav_Swipe_MenuApp.swift; sourceTree = "<group>"; };
		6690FB80286DD23800434513 /* ContentView.swift */ = {isa = PBXFileReference; lastKnownFileType = sourcecode.swift; path = ContentView.swift; sourceTree = "<group>"; };
		6690FB82286DD23900434513 /* Assets.xcassets */ = {isa = PBXFileReference; lastKnownFileType = folder.assetcatalog; path = Assets.xcassets; sourceTree = "<group>"; };
		6690FB85286DD23900434513 /* Preview Assets.xcassets */ = {isa = PBXFileReference; lastKnownFileType = folder.assetcatalog; path = "Preview Assets.xcassets"; sourceTree = "<group>"; };
		6690FB8B286DD23900434513 /* kav-Swipe MenuTests.xctest */ = {isa = PBXFileReference; explicitFileType = wrapper.cfbundle; includeInIndex = 0; path = "kav-Swipe MenuTests.xctest"; sourceTree = BUILT_PRODUCTS_DIR; };
		6690FB8F286DD23900434513 /* kav_Swipe_MenuTests.swift */ = {isa = PBXFileReference; lastKnownFileType = sourcecode.swift; path = kav_Swipe_MenuTests.swift; sourceTree = "<group>"; };
		6690FB95286DD23900434513 /* kav-Swipe MenuUITests.xctest */ = {isa = PBXFileReference; explicitFileType = wrapper.cfbundle; includeInIndex = 0; path = "kav-Swipe MenuUITests.xctest"; sourceTree = BUILT_PRODUCTS_DIR; };
		6690FB99286DD23900434513 /* kav_Swipe_MenuUITests.swift */ = {isa = PBXFileReference; lastKnownFileType = sourcecode.swift; path = kav_Swipe_MenuUITests.swift; sourceTree = "<group>"; };
		6690FB9B286DD23900434513 /* kav_Swipe_MenuUITestsLaunchTests.swift */ = {isa = PBXFileReference; lastKnownFileType = sourcecode.swift; path = kav_Swipe_MenuUITestsLaunchTests.swift; sourceTree = "<group>"; };
/* End PBXFileReference section */

/* Begin PBXFrameworksBuildPhase section */
		6690FB78286DD23800434513 /* Frameworks */ = {
			isa = PBXFrameworksBuildPhase;
			buildActionMask = 2147483647;
			files = (
			);
			runOnlyForDeploymentPostprocessing = 0;
		};
		6690FB88286DD23900434513 /* Frameworks */ = {
			isa = PBXFrameworksBuildPhase;
			buildActionMask = 2147483647;
			files = (
			);
			runOnlyForDeploymentPostprocessing = 0;
		};
		6690FB92286DD23900434513 /* Frameworks */ = {
			isa = PBXFrameworksBuildPhase;
			buildActionMask = 2147483647;
			files = (
			);
			runOnlyForDeploymentPostprocessing = 0;
		};
/* End PBXFrameworksBuildPhase section */

/* Begin PBXGroup section */
		6690FB72286DD23800434513 = {
			isa = PBXGroup;
			children = (
				6690FB7D286DD23800434513 /* kav-Swipe Menu */,
				6690FB8E286DD23900434513 /* kav-Swipe MenuTests */,
				6690FB98286DD23900434513 /* kav-Swipe MenuUITests */,
				6690FB7C286DD23800434513 /* Products */,
			);
			sourceTree = "<group>";
		};
		6690FB7C286DD23800434513 /* Products */ = {
			isa = PBXGroup;
			children = (
				6690FB7B286DD23800434513 /* kav-Swipe Menu.app */,
				6690FB8B286DD23900434513 /* kav-Swipe MenuTests.xctest */,
				6690FB95286DD23900434513 /* kav-Swipe MenuUITests.xctest */,
			);
			name = Products;
			sourceTree = "<group>";
		};
		6690FB7D286DD23800434513 /* kav-Swipe Menu */ = {
			isa = PBXGroup;
			children = (
				6690FB7E286DD23800434513 /* kav_Swipe_MenuApp.swift */,
				6690FB80286DD23800434513 /* ContentView.swift */,
				6690FB82286DD23900434513 /* Assets.xcassets */,
				6690FB84286DD23900434513 /* Preview Content */,
			);
			path = "kav-Swipe Menu";
			sourceTree = "<group>";
		};
		6690FB84286DD23900434513 /* Preview Content */ = {
			isa = PBXGroup;
			children = (
				6690FB85286DD23900434513 /* Preview Assets.xcassets */,
			);
			path = "Preview Content";
			sourceTree = "<group>";
		};
		6690FB8E286DD23900434513 /* kav-Swipe MenuTests */ = {
			isa = PBXGroup;
			children = (
				6690FB8F286DD23900434513 /* kav_Swipe_MenuTests.swift */,
			);
			path = "kav-Swipe MenuTests";
			sourceTree = "<group>";
		};
		6690FB98286DD23900434513 /* kav-Swipe MenuUITests */ = {
			isa = PBXGroup;
			children = (
				6690FB99286DD23900434513 /* kav_Swipe_MenuUITests.swift */,
				6690FB9B286DD23900434513 /* kav_Swipe_MenuUITestsLaunchTests.swift */,
			);
			path = "kav-Swipe MenuUITests";
			sourceTree = "<group>";
		};
/* End PBXGroup section */

/* Begin PBXNativeTarget section */
		6690FB7A286DD23800434513 /* kav-Swipe Menu */ = {
			isa = PBXNativeTarget;
			buildConfigurationList = 6690FB9F286DD23900434513 /* Build configuration list for PBXNativeTarget "kav-Swipe Menu" */;
			buildPhases = (
				6690FB77286DD23800434513 /* Sources */,
				6690FB78286DD23800434513 /* Frameworks */,
				6690FB79286DD23800434513 /* Resources */,
			);
			buildRules = (
			);
			dependencies = (
			);
			name = "kav-Swipe Menu";
			productName = "kav-Swipe Menu";
			productReference = 6690FB7B286DD23800434513 /* kav-Swipe Menu.app */;
			productType = "com.apple.product-type.application";
		};
		6690FB8A286DD23900434513 /* kav-Swipe MenuTests */ = {
			isa = PBXNativeTarget;
			buildConfigurationList = 6690FBA2286DD23900434513 /* Build configuration list for PBXNativeTarget "kav-Swipe MenuTests" */;
			buildPhases = (
				6690FB87286DD23900434513 /* Sources */,
				6690FB88286DD23900434513 /* Frameworks */,
				6690FB89286DD23900434513 /* Resources */,
			);
			buildRules = (
			);
			dependencies = (
				6690FB8D286DD23900434513 /* PBXTargetDependency */,
			);
			name = "kav-Swipe MenuTests";
			productName = "kav-Swipe MenuTests";
			productReference = 6690FB8B286DD23900434513 /* kav-Swipe MenuTests.xctest */;
			productType = "com.apple.product-type.bundle.unit-test";
		};
		6690FB94286DD23900434513 /* kav-Swipe MenuUITests */ = {
			isa = PBXNativeTarget;
			buildConfigurationList = 6690FBA5286DD23900434513 /* Build configuration list for PBXNativeTarget "kav-Swipe MenuUITests" */;
			buildPhases = (
				6690FB91286DD23900434513 /* Sources */,
				6690FB92286DD23900434513 /* Frameworks */,
				6690FB93286DD23900434513 /* Resources */,
			);
			buildRules = (
			);
			dependencies = (
				6690FB97286DD23900434513 /* PBXTargetDependency */,
			);
			name = "kav-Swipe MenuUITests";
			productName = "kav-Swipe MenuUITests";
			productReference = 6690FB95286DD23900434513 /* kav-Swipe MenuUITests.xctest */;
			productType = "com.apple.product-type.bundle.ui-testing";
		};
/* End PBXNativeTarget section */

/* Begin PBXProject section */
		6690FB73286DD23800434513 /* Project object */ = {
			isa = PBXProject;
			attributes = {
				BuildIndependentTargetsInParallel = 1;
				LastSwiftUpdateCheck = 1340;
				LastUpgradeCheck = 1340;
				TargetAttributes = {
					6690FB7A286DD23800434513 = {
						CreatedOnToolsVersion = 13.4.1;
					};
					6690FB8A286DD23900434513 = {
						CreatedOnToolsVersion = 13.4.1;
						TestTargetID = 6690FB7A286DD23800434513;
					};
					6690FB94286DD23900434513 = {
						CreatedOnToolsVersion = 13.4.1;
						TestTargetID = 6690FB7A286DD23800434513;
					};
				};
			};
			buildConfigurationList = 6690FB76286DD23800434513 /* Build configuration list for PBXProject "kav-Swipe Menu" */;
			compatibilityVersion = "Xcode 13.0";
			developmentRegion = en;
			hasScannedForEncodings = 0;
			knownRegions = (
				en,
				Base,
			);
			mainGroup = 6690FB72286DD23800434513;
			productRefGroup = 6690FB7C286DD23800434513 /* Products */;
			projectDirPath = "";
			projectRoot = "";
			targets = (
				6690FB7A286DD23800434513 /* kav-Swipe Menu */,
				6690FB8A286DD23900434513 /* kav-Swipe MenuTests */,
				6690FB94286DD23900434513 /* kav-Swipe MenuUITests */,
			);
		};
/* End PBXProject section */

/* Begin PBXResourcesBuildPhase section */
		6690FB79286DD23800434513 /* Resources */ = {
			isa = PBXResourcesBuildPhase;
			buildActionMask = 2147483647;
			files = (
				6690FB86286DD23900434513 /* Preview Assets.xcassets in Resources */,
				6690FB83286DD23900434513 /* Assets.xcassets in Resources */,
			);
			runOnlyForDeploymentPostprocessing = 0;
		};
		6690FB89286DD23900434513 /* Resources */ = {
			isa = PBXResourcesBuildPhase;
			buildActionMask = 2147483647;
			files = (
			);
			runOnlyForDeploymentPostprocessing = 0;
		};
		6690FB93286DD23900434513 /* Resources */ = {
			isa = PBXResourcesBuildPhase;
			buildActionMask = 2147483647;
			files = (
			);
			runOnlyForDeploymentPostprocessing = 0;
		};
/* End PBXResourcesBuildPhase section */

/* Begin PBXSourcesBuildPhase section */
		6690FB77286DD23800434513 /* Sources */ = {
			isa = PBXSourcesBuildPhase;
			buildActionMask = 2147483647;
			files = (
				6690FB81286DD23800434513 /* ContentView.swift in Sources */,
				6690FB7F286DD23800434513 /* kav_Swipe_MenuApp.swift in Sources */,
			);
			runOnlyForDeploymentPostprocessing = 0;
		};
		6690FB87286DD23900434513 /* Sources */ = {
			isa = PBXSourcesBuildPhase;
			buildActionMask = 2147483647;
			files = (
				6690FB90286DD23900434513 /* kav_Swipe_MenuTests.swift in Sources */,
			);
			runOnlyForDeploymentPostprocessing = 0;
		};
		6690FB91286DD23900434513 /* Sources */ = {
			isa = PBXSourcesBuildPhase;
			buildActionMask = 2147483647;
			files = (
				6690FB9A286DD23900434513 /* kav_Swipe_MenuUITests.swift in Sources */,
				6690FB9C286DD23900434513 /* kav_Swipe_MenuUITestsLaunchTests.swift in Sources */,
			);
			runOnlyForDeploymentPostprocessing = 0;
		};
/* End PBXSourcesBuildPhase section */

/* Begin PBXTargetDependency section */
		6690FB8D286DD23900434513 /* PBXTargetDependency */ = {
			isa = PBXTargetDependency;
			target = 6690FB7A286DD23800434513 /* kav-Swipe Menu */;
			targetProxy = 6690FB8C286DD23900434513 /* PBXContainerItemProxy */;
		};
		6690FB97286DD23900434513 /* PBXTargetDependency */ = {
			isa = PBXTargetDependency;
			target = 6690FB7A286DD23800434513 /* kav-Swipe Menu */;
			targetProxy = 6690FB96286DD23900434513 /* PBXContainerItemProxy */;
		};
/* End PBXTargetDependency section */

/* Begin XCBuildConfiguration section */
		6690FB9D286DD23900434513 /* Debug */ = {
			isa = XCBuildConfiguration;
			buildSettings = {
				ALWAYS_SEARCH_USER_PATHS = NO;
				CLANG_ANALYZER_NONNULL = YES;
				CLANG_ANALYZER_NUMBER_OBJECT_CONVERSION = YES_AGGRESSIVE;
				CLANG_CXX_LANGUAGE_STANDARD = "gnu++17";
				CLANG_ENABLE_MODULES = YES;
				CLANG_ENABLE_OBJC_ARC = YES;
				CLANG_ENABLE_OBJC_WEAK = YES;
				CLANG_WARN_BLOCK_CAPTURE_AUTORELEASING = YES;
				CLANG_WARN_BOOL_CONVERSION = YES;
				CLANG_WARN_COMMA = YES;
				CLANG_WARN_CONSTANT_CONVERSION = YES;
				CLANG_WARN_DEPRECATED_OBJC_IMPLEMENTATIONS = YES;
				CLANG_WARN_DIRECT_OBJC_ISA_USAGE = YES_ERROR;
				CLANG_WARN_DOCUMENTATION_COMMENTS = YES;
				CLANG_WARN_EMPTY_BODY = YES;
				CLANG_WARN_ENUM_CONVERSION = YES;
				CLANG_WARN_INFINITE_RECURSION = YES;
				CLANG_WARN_INT_CONVERSION = YES;
				CLANG_WARN_NON_LITERAL_NULL_CONVERSION = YES;
				CLANG_WARN_OBJC_IMPLICIT_RETAIN_SELF = YES;
				CLANG_WARN_OBJC_LITERAL_CONVERSION = YES;
				CLANG_WARN_OBJC_ROOT_CLASS = YES_ERROR;
				CLANG_WARN_QUOTED_INCLUDE_IN_FRAMEWORK_HEADER = YES;
				CLANG_WARN_RANGE_LOOP_ANALYSIS = YES;
				CLANG_WARN_STRICT_PROTOTYPES = YES;
				CLANG_WARN_SUSPICIOUS_MOVE = YES;
				CLANG_WARN_UNGUARDED_AVAILABILITY = YES_AGGRESSIVE;
				CLANG_WARN_UNREACHABLE_CODE = YES;
				CLANG_WARN__DUPLICATE_METHOD_MATCH = YES;
				COPY_PHASE_STRIP = NO;
				DEBUG_INFORMATION_FORMAT = dwarf;
				ENABLE_STRICT_OBJC_MSGSEND = YES;
				ENABLE_TESTABILITY = YES;
				GCC_C_LANGUAGE_STANDARD = gnu11;
				GCC_DYNAMIC_NO_PIC = NO;
				GCC_NO_COMMON_BLOCKS = YES;
				GCC_OPTIMIZATION_LEVEL = 0;
				GCC_PREPROCESSOR_DEFINITIONS = (
					"DEBUG=1",
					"$(inherited)",
				);
				GCC_WARN_64_TO_32_BIT_CONVERSION = YES;
				GCC_WARN_ABOUT_RETURN_TYPE = YES_ERROR;
				GCC_WARN_UNDECLARED_SELECTOR = YES;
				GCC_WARN_UNINITIALIZED_AUTOS = YES_AGGRESSIVE;
				GCC_WARN_UNUSED_FUNCTION = YES;
				GCC_WARN_UNUSED_VARIABLE = YES;
				IPHONEOS_DEPLOYMENT_TARGET = 15.5;
				MTL_ENABLE_DEBUG_INFO = INCLUDE_SOURCE;
				MTL_FAST_MATH = YES;
				ONLY_ACTIVE_ARCH = YES;
				SDKROOT = iphoneos;
				SWIFT_ACTIVE_COMPILATION_CONDITIONS = DEBUG;
				SWIFT_OPTIMIZATION_LEVEL = "-Onone";
			};
			name = Debug;
		};
		6690FB9E286DD23900434513 /* Release */ = {
			isa = XCBuildConfiguration;
			buildSettings = {
				ALWAYS_SEARCH_USER_PATHS = NO;
				CLANG_ANALYZER_NONNULL = YES;
				CLANG_ANALYZER_NUMBER_OBJECT_CONVERSION = YES_AGGRESSIVE;
				CLANG_CXX_LANGUAGE_STANDARD = "gnu++17";
				CLANG_ENABLE_MODULES = YES;
				CLANG_ENABLE_OBJC_ARC = YES;
				CLANG_ENABLE_OBJC_WEAK = YES;
				CLANG_WARN_BLOCK_CAPTURE_AUTORELEASING = YES;
				CLANG_WARN_BOOL_CONVERSION = YES;
				CLANG_WARN_COMMA = YES;
				CLANG_WARN_CONSTANT_CONVERSION = YES;
				CLANG_WARN_DEPRECATED_OBJC_IMPLEMENTATIONS = YES;
				CLANG_WARN_DIRECT_OBJC_ISA_USAGE = YES_ERROR;
				CLANG_WARN_DOCUMENTATION_COMMENTS = YES;
				CLANG_WARN_EMPTY_BODY = YES;
				CLANG_WARN_ENUM_CONVERSION = YES;
				CLANG_WARN_INFINITE_RECURSION = YES;
				CLANG_WARN_INT_CONVERSION = YES;
				CLANG_WARN_NON_LITERAL_NULL_CONVERSION = YES;
				CLANG_WARN_OBJC_IMPLICIT_RETAIN_SELF = YES;
				CLANG_WARN_OBJC_LITERAL_CONVERSION = YES;
				CLANG_WARN_OBJC_ROOT_CLASS = YES_ERROR;
				CLANG_WARN_QUOTED_INCLUDE_IN_FRAMEWORK_HEADER = YES;
				CLANG_WARN_RANGE_LOOP_ANALYSIS = YES;
				CLANG_WARN_STRICT_PROTOTYPES = YES;
				CLANG_WARN_SUSPICIOUS_MOVE = YES;
				CLANG_WARN_UNGUARDED_AVAILABILITY = YES_AGGRESSIVE;
				CLANG_WARN_UNREACHABLE_CODE = YES;
				CLANG_WARN__DUPLICATE_METHOD_MATCH = YES;
				COPY_PHASE_STRIP = NO;
				DEBUG_INFORMATION_FORMAT = "dwarf-with-dsym";
				ENABLE_NS_ASSERTIONS = NO;
				ENABLE_STRICT_OBJC_MSGSEND = YES;
				GCC_C_LANGUAGE_STANDARD = gnu11;
				GCC_NO_COMMON_BLOCKS = YES;
				GCC_WARN_64_TO_32_BIT_CONVERSION = YES;
				GCC_WARN_ABOUT_RETURN_TYPE = YES_ERROR;
				GCC_WARN_UNDECLARED_SELECTOR = YES;
				GCC_WARN_UNINITIALIZED_AUTOS = YES_AGGRESSIVE;
				GCC_WARN_UNUSED_FUNCTION = YES;
				GCC_WARN_UNUSED_VARIABLE = YES;
				IPHONEOS_DEPLOYMENT_TARGET = 15.5;
				MTL_ENABLE_DEBUG_INFO = NO;
				MTL_FAST_MATH = YES;
				SDKROOT = iphoneos;
				SWIFT_COMPILATION_MODE = wholemodule;
				SWIFT_OPTIMIZATION_LEVEL = "-O";
				VALIDATE_PRODUCT = YES;
			};
			name = Release;
		};
		6690FBA0286DD23900434513 /* Debug */ = {
			isa = XCBuildConfiguration;
			buildSettings = {
				ASSETCATALOG_COMPILER_APPICON_NAME = AppIcon;
				ASSETCATALOG_COMPILER_GLOBAL_ACCENT_COLOR_NAME = AccentColor;
				CODE_SIGN_STYLE = Automatic;
				CURRENT_PROJECT_VERSION = 1;
				DEVELOPMENT_ASSET_PATHS = "\"kav-Swipe Menu/Preview Content\"";
				DEVELOPMENT_TEAM = 8944MW868U;
				ENABLE_PREVIEWS = YES;
				GENERATE_INFOPLIST_FILE = YES;
				INFOPLIST_KEY_UIApplicationSceneManifest_Generation = YES;
				INFOPLIST_KEY_UIApplicationSupportsIndirectInputEvents = YES;
				INFOPLIST_KEY_UILaunchScreen_Generation = YES;
				INFOPLIST_KEY_UISupportedInterfaceOrientations_iPad = "UIInterfaceOrientationPortrait UIInterfaceOrientationPortraitUpsideDown UIInterfaceOrientationLandscapeLeft UIInterfaceOrientationLandscapeRight";
				INFOPLIST_KEY_UISupportedInterfaceOrientations_iPhone = "UIInterfaceOrientationPortrait UIInterfaceOrientationLandscapeLeft UIInterfaceOrientationLandscapeRight";
				LD_RUNPATH_SEARCH_PATHS = (
					"$(inherited)",
					"@executable_path/Frameworks",
				);
				MARKETING_VERSION = 1.0;
				PRODUCT_BUNDLE_IDENTIFIER = "Stacker.kav-Swipe-Menu";
				PRODUCT_NAME = "$(TARGET_NAME)";
				SWIFT_EMIT_LOC_STRINGS = YES;
				SWIFT_VERSION = 5.0;
				TARGETED_DEVICE_FAMILY = "1,2";
			};
			name = Debug;
		};
		6690FBA1286DD23900434513 /* Release */ = {
			isa = XCBuildConfiguration;
			buildSettings = {
				ASSETCATALOG_COMPILER_APPICON_NAME = AppIcon;
				ASSETCATALOG_COMPILER_GLOBAL_ACCENT_COLOR_NAME = AccentColor;
				CODE_SIGN_STYLE = Automatic;
				CURRENT_PROJECT_VERSION = 1;
				DEVELOPMENT_ASSET_PATHS = "\"kav-Swipe Menu/Preview Content\"";
				DEVELOPMENT_TEAM = 8944MW868U;
				ENABLE_PREVIEWS = YES;
				GENERATE_INFOPLIST_FILE = YES;
				INFOPLIST_KEY_UIApplicationSceneManifest_Generation = YES;
				INFOPLIST_KEY_UIApplicationSupportsIndirectInputEvents = YES;
				INFOPLIST_KEY_UILaunchScreen_Generation = YES;
				INFOPLIST_KEY_UISupportedInterfaceOrientations_iPad = "UIInterfaceOrientationPortrait UIInterfaceOrientationPortraitUpsideDown UIInterfaceOrientationLandscapeLeft UIInterfaceOrientationLandscapeRight";
				INFOPLIST_KEY_UISupportedInterfaceOrientations_iPhone = "UIInterfaceOrientationPortrait UIInterfaceOrientationLandscapeLeft UIInterfaceOrientationLandscapeRight";
				LD_RUNPATH_SEARCH_PATHS = (
					"$(inherited)",
					"@executable_path/Frameworks",
				);
				MARKETING_VERSION = 1.0;
				PRODUCT_BUNDLE_IDENTIFIER = "Stacker.kav-Swipe-Menu";
				PRODUCT_NAME = "$(TARGET_NAME)";
				SWIFT_EMIT_LOC_STRINGS = YES;
				SWIFT_VERSION = 5.0;
				TARGETED_DEVICE_FAMILY = "1,2";
			};
			name = Release;
		};
		6690FBA3286DD23900434513 /* Debug */ = {
			isa = XCBuildConfiguration;
			buildSettings = {
				ALWAYS_EMBED_SWIFT_STANDARD_LIBRARIES = YES;
				BUNDLE_LOADER = "$(TEST_HOST)";
				CODE_SIGN_STYLE = Automatic;
				CURRENT_PROJECT_VERSION = 1;
				DEVELOPMENT_TEAM = 8944MW868U;
				GENERATE_INFOPLIST_FILE = YES;
				IPHONEOS_DEPLOYMENT_TARGET = 15.5;
				MARKETING_VERSION = 1.0;
				PRODUCT_BUNDLE_IDENTIFIER = "Stacker.kav-Swipe-MenuTests";
				PRODUCT_NAME = "$(TARGET_NAME)";
				SWIFT_EMIT_LOC_STRINGS = NO;
				SWIFT_VERSION = 5.0;
				TARGETED_DEVICE_FAMILY = "1,2";
				TEST_HOST = "$(BUILT_PRODUCTS_DIR)/kav-Swipe Menu.app/kav-Swipe Menu";
			};
			name = Debug;
		};
		6690FBA4286DD23900434513 /* Release */ = {
			isa = XCBuildConfiguration;
			buildSettings = {
				ALWAYS_EMBED_SWIFT_STANDARD_LIBRARIES = YES;
				BUNDLE_LOADER = "$(TEST_HOST)";
				CODE_SIGN_STYLE = Automatic;
				CURRENT_PROJECT_VERSION = 1;
				DEVELOPMENT_TEAM = 8944MW868U;
				GENERATE_INFOPLIST_FILE = YES;
				IPHONEOS_DEPLOYMENT_TARGET = 15.5;
				MARKETING_VERSION = 1.0;
				PRODUCT_BUNDLE_IDENTIFIER = "Stacker.kav-Swipe-MenuTests";
				PRODUCT_NAME = "$(TARGET_NAME)";
				SWIFT_EMIT_LOC_STRINGS = NO;
				SWIFT_VERSION = 5.0;
				TARGETED_DEVICE_FAMILY = "1,2";
				TEST_HOST = "$(BUILT_PRODUCTS_DIR)/kav-Swipe Menu.app/kav-Swipe Menu";
			};
			name = Release;
		};
		6690FBA6286DD23900434513 /* Debug */ = {
			isa = XCBuildConfiguration;
			buildSettings = {
				ALWAYS_EMBED_SWIFT_STANDARD_LIBRARIES = YES;
				CODE_SIGN_STYLE = Automatic;
				CURRENT_PROJECT_VERSION = 1;
				DEVELOPMENT_TEAM = 8944MW868U;
				GENERATE_INFOPLIST_FILE = YES;
				MARKETING_VERSION = 1.0;
				PRODUCT_BUNDLE_IDENTIFIER = "Stacker.kav-Swipe-MenuUITests";
				PRODUCT_NAME = "$(TARGET_NAME)";
				SWIFT_EMIT_LOC_STRINGS = NO;
				SWIFT_VERSION = 5.0;
				TARGETED_DEVICE_FAMILY = "1,2";
				TEST_TARGET_NAME = "kav-Swipe Menu";
			};
			name = Debug;
		};
		6690FBA7286DD23900434513 /* Release */ = {
			isa = XCBuildConfiguration;
			buildSettings = {
				ALWAYS_EMBED_SWIFT_STANDARD_LIBRARIES = YES;
				CODE_SIGN_STYLE = Automatic;
				CURRENT_PROJECT_VERSION = 1;
				DEVELOPMENT_TEAM = 8944MW868U;
				GENERATE_INFOPLIST_FILE = YES;
				MARKETING_VERSION = 1.0;
				PRODUCT_BUNDLE_IDENTIFIER = "Stacker.kav-Swipe-MenuUITests";
				PRODUCT_NAME = "$(TARGET_NAME)";
				SWIFT_EMIT_LOC_STRINGS = NO;
				SWIFT_VERSION = 5.0;
				TARGETED_DEVICE_FAMILY = "1,2";
				TEST_TARGET_NAME = "kav-Swipe Menu";
			};
			name = Release;
		};
/* End XCBuildConfiguration section */

/* Begin XCConfigurationList section */
		6690FB76286DD23800434513 /* Build configuration list for PBXProject "kav-Swipe Menu" */ = {
			isa = XCConfigurationList;
			buildConfigurations = (
				6690FB9D286DD23900434513 /* Debug */,
				6690FB9E286DD23900434513 /* Release */,
			);
			defaultConfigurationIsVisible = 0;
			defaultConfigurationName = Release;
		};
		6690FB9F286DD23900434513 /* Build configuration list for PBXNativeTarget "kav-Swipe Menu" */ = {
			isa = XCConfigurationList;
			buildConfigurations = (
				6690FBA0286DD23900434513 /* Debug */,
				6690FBA1286DD23900434513 /* Release */,
			);
			defaultConfigurationIsVisible = 0;
			defaultConfigurationName = Release;
		};
		6690FBA2286DD23900434513 /* Build configuration list for PBXNativeTarget "kav-Swipe MenuTests" */ = {
			isa = XCConfigurationList;
			buildConfigurations = (
				6690FBA3286DD23900434513 /* Debug */,
				6690FBA4286DD23900434513 /* Release */,
			);
			defaultConfigurationIsVisible = 0;
			defaultConfigurationName = Release;
		};
		6690FBA5286DD23900434513 /* Build configuration list for PBXNativeTarget "kav-Swipe MenuUITests" */ = {
			isa = XCConfigurationList;
			buildConfigurations = (
				6690FBA6286DD23900434513 /* Debug */,
				6690FBA7286DD23900434513 /* Release */,
			);
			defaultConfigurationIsVisible = 0;
			defaultConfigurationName = Release;
		};
/* End XCConfigurationList section */
	};
	rootObject = 6690FB73286DD23800434513 /* Project object */;
}
